
Microsoft Visual Studio Solution File, Format Version 11.00
# Visual Studio 2010
Project("{FAE04EC0-301F-11D3-BF4B-00C04F79EFBC}") = "Candy-Dozer", "Assembly-CSharp.csproj", "{F2E8F308-AAC3-8890-B85D-DFB754C19A9F}"
EndProject
Project("{FAE04EC0-301F-11D3-BF4B-00C04F79EFBC}") = "Candy-Dozer", "Assembly-CSharp-Editor.csproj", "{90BB2992-33FB-DDB6-CE8F-C2E17E2110EF}"
EndProject
Global
	GlobalSection(SolutionConfigurationPlatforms) = preSolution
		Debug|Any CPU = Debug|Any CPU
		Release|Any CPU = Release|Any CPU
	EndGlobalSection
	GlobalSection(ProjectConfigurationPlatforms) = postSolution
		{F2E8F308-AAC3-8890-B85D-DFB754C19A9F}.Debug|Any CPU.ActiveCfg = Debug|Any CPU
		{F2E8F308-AAC3-8890-B85D-DFB754C19A9F}.Debug|Any CPU.Build.0 = Debug|Any CPU
		{F2E8F308-AAC3-8890-B85D-DFB754C19A9F}.Release|Any CPU.ActiveCfg = Release|Any CPU
		{F2E8F308-AAC3-8890-B85D-DFB754C19A9F}.Release|Any CPU.Build.0 = Release|Any CPU
		{90BB2992-33FB-DDB6-CE8F-C2E17E2110EF}.Debug|Any CPU.ActiveCfg = Debug|Any CPU
		{90BB2992-33FB-DDB6-CE8F-C2E17E2110EF}.Debug|Any CPU.Build.0 = Debug|Any CPU
		{90BB2992-33FB-DDB6-CE8F-C2E17E2110EF}.Release|Any CPU.ActiveCfg = Release|Any CPU
		{90BB2992-33FB-DDB6-CE8F-C2E17E2110EF}.Release|Any CPU.Build.0 = Release|Any CPU
	EndGlobalSection
	GlobalSection(SolutionProperties) = preSolution
		HideSolutionNode = FALSE
	EndGlobalSection
	GlobalSection(MonoDevelopProperties) = preSolution
		StartupItem = Assembly-CSharp.csproj
	EndGlobalSection
EndGlobal
